
Microsoft Visual Studio Solution File, Format Version 12.00
Project("{FAE04EC0-301F-11D3-BF4B-00C04F79EFBC}") = "String_Formatter", "String_Formatter\String_Formatter.csproj", "{3485D271-A789-42B0-B72D-4E915ADD059E}"
EndProject
Global
	GlobalSection(SolutionConfigurationPlatforms) = preSolution
		Debug|Any CPU = Debug|Any CPU
		Release|Any CPU = Release|Any CPU
	EndGlobalSection
	GlobalSection(ProjectConfigurationPlatforms) = postSolution
		{3485D271-A789-42B0-B72D-4E915ADD059E}.Debug|Any CPU.ActiveCfg = Debug|Any CPU
		{3485D271-A789-42B0-B72D-4E915ADD059E}.Debug|Any CPU.Build.0 = Debug|Any CPU
		{3485D271-A789-42B0-B72D-4E915ADD059E}.Release|Any CPU.ActiveCfg = Release|Any CPU
		{3485D271-A789-42B0-B72D-4E915ADD059E}.Release|Any CPU.Build.0 = Release|Any CPU
	EndGlobalSection
EndGlobal
